
Microsoft Visual Studio Solution File, Format Version 12.00
# Visual Studio 15
VisualStudioVersion = 15.0.26730.16
MinimumVisualStudioVersion = 10.0.40219.1
Project("{9A19103F-16F7-4668-BE54-9A1E7A4F7556}") = "FactoryPattern", "Factory\FactoryPattern\FactoryPattern.csproj", "{9F2C67E0-96E1-4EA4-A87E-9AA91541F73A}"
EndProject
Project("{2150E333-8FDC-42A3-9474-1A3956D46DE8}") = "Factory", "Factory", "{44C35C4D-EED5-4D7B-811F-53961B6B028A}"
EndProject
Project("{FAE04EC0-301F-11D3-BF4B-00C04F79EFBC}") = "FactoryPattern.Test", "Factory\FactoryPattern.Test\FactoryPattern.Test.csproj", "{BD08BB2C-3AF3-41AF-AEFB-7375D7456E1B}"
EndProject
Project("{2150E333-8FDC-42A3-9474-1A3956D46DE8}") = "Adapter", "Adapter", "{033BEDD3-A18D-4D5A-9E8A-439AE6BFB441}"
EndProject
Project("{2150E333-8FDC-42A3-9474-1A3956D46DE8}") = "Strategy", "Strategy", "{2D6E1803-7577-4DA2-942C-5EA3689D9413}"
EndProject
Project("{FAE04EC0-301F-11D3-BF4B-00C04F79EFBC}") = "StrategyPattern", "Strategy\StrategyPattern\StrategyPattern.csproj", "{41C034F7-6C9C-4A6D-B3D4-5C078D9BD0B0}"
EndProject
Project("{FAE04EC0-301F-11D3-BF4B-00C04F79EFBC}") = "StrategyPattern.Test", "Strategy\StrategyPattern.Test\StrategyPattern.Test.csproj", "{071B25CD-BC15-4C86-9B61-FE487AD6D46B}"
EndProject
Project("{2150E333-8FDC-42A3-9474-1A3956D46DE8}") = "Repository", "Repository", "{2BAD30BB-4B1E-4EBA-A029-2578FE73512F}"
EndProject
Project("{FAE04EC0-301F-11D3-BF4B-00C04F79EFBC}") = "RepositoryPattern", "Repository\RepositoryPattern\RepositoryPattern.csproj", "{CB5A731C-DC08-4A8B-BFEC-888E1AF5A0AB}"
EndProject
Project("{FAE04EC0-301F-11D3-BF4B-00C04F79EFBC}") = "RepositoryPattern.Test", "Repository\RepositoryPattern.Test\RepositoryPattern.Test.csproj", "{0BFC05AE-1205-4FE9-AAFE-5904C0598E64}"
EndProject
Project("{2150E333-8FDC-42A3-9474-1A3956D46DE8}") = "Flyweight", "Flyweight", "{EF34460D-7E53-4646-ABC9-203356746CED}"
EndProject
Project("{FAE04EC0-301F-11D3-BF4B-00C04F79EFBC}") = "FlyweightPattern", "Flyweight\FlyweightPattern\FlyweightPattern.csproj", "{ED6DA812-4BA4-46EA-B493-96E07E1FD365}"
EndProject
Project("{FAE04EC0-301F-11D3-BF4B-00C04F79EFBC}") = "FlyweightPattern.Test", "Flyweight\FlyweightPattern.Test\FlyweightPattern.Test.csproj", "{0E3D57EA-A98B-4EDF-83C0-E4D2934E66B5}"
EndProject
Project("{2150E333-8FDC-42A3-9474-1A3956D46DE8}") = "Singleton", "Singleton", "{1B0BE7DB-9766-4326-B4BC-1D2AF52895B3}"
EndProject
Project("{FAE04EC0-301F-11D3-BF4B-00C04F79EFBC}") = "SingletonPattern", "Singleton\SingletonPattern\SingletonPattern.csproj", "{FB3C1C0C-641C-41B9-BBE3-740DE89486CF}"
EndProject
Project("{FAE04EC0-301F-11D3-BF4B-00C04F79EFBC}") = "SingletonPattern.Test", "Singleton\SingletonPattern.Test\SingletonPattern.Test.csproj", "{311742ED-21E0-44CD-A44B-85DE2B54A299}"
EndProject
Project("{2150E333-8FDC-42A3-9474-1A3956D46DE8}") = "Generic", "Generic", "{7EB1500E-5653-4874-8894-E026FBC2DE52}"
EndProject
Project("{9A19103F-16F7-4668-BE54-9A1E7A4F7556}") = "GenericPattern", "Generic\GenericPattern\GenericPattern.csproj", "{47C57BA9-6E34-4337-9D0A-E14674B07B12}"
EndProject
Project("{9A19103F-16F7-4668-BE54-9A1E7A4F7556}") = "GenericPattern.Test", "Generic\GenericPattern.Test\GenericPattern.Test.csproj", "{BD8E9BA0-B475-477B-9F4B-E31BC53803C9}"
EndProject
Project("{2150E333-8FDC-42A3-9474-1A3956D46DE8}") = "State", "State", "{AA4FACE3-DD8C-49BA-8173-A1A5BB9DB6E9}"
EndProject
Project("{FAE04EC0-301F-11D3-BF4B-00C04F79EFBC}") = "StatePattern", "State\StatePattern\StatePattern.csproj", "{F919FB74-D5AF-4592-BAB7-F42311DE4B4F}"
EndProject
Project("{FAE04EC0-301F-11D3-BF4B-00C04F79EFBC}") = "AdapterPattern", "Adapter\AdapterPattern\AdapterPattern.csproj", "{8630B8A8-FD1B-4306-8E12-10E4801A2175}"
EndProject
Project("{FAE04EC0-301F-11D3-BF4B-00C04F79EFBC}") = "AdapterPattern.Test", "Adapter\AdapterPattern.Test\AdapterPattern.Test.csproj", "{00B6026F-F271-4FF0-A693-8AC8BACA4721}"
EndProject
Project("{FAE04EC0-301F-11D3-BF4B-00C04F79EFBC}") = "StatePattern.Test", "State\StatePattern.Test\StatePattern.Test.csproj", "{44A2E1E4-509A-4895-B349-13D9EA9144D5}"
EndProject
Global
	GlobalSection(SolutionConfigurationPlatforms) = preSolution
		Debug|Any CPU = Debug|Any CPU
		Release|Any CPU = Release|Any CPU
	EndGlobalSection
	GlobalSection(ProjectConfigurationPlatforms) = postSolution
		{9F2C67E0-96E1-4EA4-A87E-9AA91541F73A}.Debug|Any CPU.ActiveCfg = Debug|Any CPU
		{9F2C67E0-96E1-4EA4-A87E-9AA91541F73A}.Debug|Any CPU.Build.0 = Debug|Any CPU
		{9F2C67E0-96E1-4EA4-A87E-9AA91541F73A}.Release|Any CPU.ActiveCfg = Release|Any CPU
		{9F2C67E0-96E1-4EA4-A87E-9AA91541F73A}.Release|Any CPU.Build.0 = Release|Any CPU
		{BD08BB2C-3AF3-41AF-AEFB-7375D7456E1B}.Debug|Any CPU.ActiveCfg = Debug|Any CPU
		{BD08BB2C-3AF3-41AF-AEFB-7375D7456E1B}.Debug|Any CPU.Build.0 = Debug|Any CPU
		{BD08BB2C-3AF3-41AF-AEFB-7375D7456E1B}.Release|Any CPU.ActiveCfg = Release|Any CPU
		{BD08BB2C-3AF3-41AF-AEFB-7375D7456E1B}.Release|Any CPU.Build.0 = Release|Any CPU
		{41C034F7-6C9C-4A6D-B3D4-5C078D9BD0B0}.Debug|Any CPU.ActiveCfg = Debug|Any CPU
		{41C034F7-6C9C-4A6D-B3D4-5C078D9BD0B0}.Debug|Any CPU.Build.0 = Debug|Any CPU
		{41C034F7-6C9C-4A6D-B3D4-5C078D9BD0B0}.Release|Any CPU.ActiveCfg = Release|Any CPU
		{41C034F7-6C9C-4A6D-B3D4-5C078D9BD0B0}.Release|Any CPU.Build.0 = Release|Any CPU
		{071B25CD-BC15-4C86-9B61-FE487AD6D46B}.Debug|Any CPU.ActiveCfg = Debug|Any CPU
		{071B25CD-BC15-4C86-9B61-FE487AD6D46B}.Debug|Any CPU.Build.0 = Debug|Any CPU
		{071B25CD-BC15-4C86-9B61-FE487AD6D46B}.Release|Any CPU.ActiveCfg = Release|Any CPU
		{071B25CD-BC15-4C86-9B61-FE487AD6D46B}.Release|Any CPU.Build.0 = Release|Any CPU
		{CB5A731C-DC08-4A8B-BFEC-888E1AF5A0AB}.Debug|Any CPU.ActiveCfg = Debug|Any CPU
		{CB5A731C-DC08-4A8B-BFEC-888E1AF5A0AB}.Debug|Any CPU.Build.0 = Debug|Any CPU
		{CB5A731C-DC08-4A8B-BFEC-888E1AF5A0AB}.Release|Any CPU.ActiveCfg = Release|Any CPU
		{CB5A731C-DC08-4A8B-BFEC-888E1AF5A0AB}.Release|Any CPU.Build.0 = Release|Any CPU
		{0BFC05AE-1205-4FE9-AAFE-5904C0598E64}.Debug|Any CPU.ActiveCfg = Debug|Any CPU
		{0BFC05AE-1205-4FE9-AAFE-5904C0598E64}.Debug|Any CPU.Build.0 = Debug|Any CPU
		{0BFC05AE-1205-4FE9-AAFE-5904C0598E64}.Release|Any CPU.ActiveCfg = Release|Any CPU
		{0BFC05AE-1205-4FE9-AAFE-5904C0598E64}.Release|Any CPU.Build.0 = Release|Any CPU
		{ED6DA812-4BA4-46EA-B493-96E07E1FD365}.Debug|Any CPU.ActiveCfg = Debug|Any CPU
		{ED6DA812-4BA4-46EA-B493-96E07E1FD365}.Debug|Any CPU.Build.0 = Debug|Any CPU
		{ED6DA812-4BA4-46EA-B493-96E07E1FD365}.Release|Any CPU.ActiveCfg = Release|Any CPU
		{ED6DA812-4BA4-46EA-B493-96E07E1FD365}.Release|Any CPU.Build.0 = Release|Any CPU
		{0E3D57EA-A98B-4EDF-83C0-E4D2934E66B5}.Debug|Any CPU.ActiveCfg = Debug|Any CPU
		{0E3D57EA-A98B-4EDF-83C0-E4D2934E66B5}.Debug|Any CPU.Build.0 = Debug|Any CPU
		{0E3D57EA-A98B-4EDF-83C0-E4D2934E66B5}.Release|Any CPU.ActiveCfg = Release|Any CPU
		{0E3D57EA-A98B-4EDF-83C0-E4D2934E66B5}.Release|Any CPU.Build.0 = Release|Any CPU
		{FB3C1C0C-641C-41B9-BBE3-740DE89486CF}.Debug|Any CPU.ActiveCfg = Debug|Any CPU
		{FB3C1C0C-641C-41B9-BBE3-740DE89486CF}.Debug|Any CPU.Build.0 = Debug|Any CPU
		{FB3C1C0C-641C-41B9-BBE3-740DE89486CF}.Release|Any CPU.ActiveCfg = Release|Any CPU
		{FB3C1C0C-641C-41B9-BBE3-740DE89486CF}.Release|Any CPU.Build.0 = Release|Any CPU
		{311742ED-21E0-44CD-A44B-85DE2B54A299}.Debug|Any CPU.ActiveCfg = Debug|Any CPU
		{311742ED-21E0-44CD-A44B-85DE2B54A299}.Debug|Any CPU.Build.0 = Debug|Any CPU
		{311742ED-21E0-44CD-A44B-85DE2B54A299}.Release|Any CPU.ActiveCfg = Release|Any CPU
		{311742ED-21E0-44CD-A44B-85DE2B54A299}.Release|Any CPU.Build.0 = Release|Any CPU
		{47C57BA9-6E34-4337-9D0A-E14674B07B12}.Debug|Any CPU.ActiveCfg = Debug|Any CPU
		{47C57BA9-6E34-4337-9D0A-E14674B07B12}.Debug|Any CPU.Build.0 = Debug|Any CPU
		{47C57BA9-6E34-4337-9D0A-E14674B07B12}.Release|Any CPU.ActiveCfg = Release|Any CPU
		{47C57BA9-6E34-4337-9D0A-E14674B07B12}.Release|Any CPU.Build.0 = Release|Any CPU
		{BD8E9BA0-B475-477B-9F4B-E31BC53803C9}.Debug|Any CPU.ActiveCfg = Debug|Any CPU
		{BD8E9BA0-B475-477B-9F4B-E31BC53803C9}.Debug|Any CPU.Build.0 = Debug|Any CPU
		{BD8E9BA0-B475-477B-9F4B-E31BC53803C9}.Release|Any CPU.ActiveCfg = Release|Any CPU
		{BD8E9BA0-B475-477B-9F4B-E31BC53803C9}.Release|Any CPU.Build.0 = Release|Any CPU
		{F919FB74-D5AF-4592-BAB7-F42311DE4B4F}.Debug|Any CPU.ActiveCfg = Debug|Any CPU
		{F919FB74-D5AF-4592-BAB7-F42311DE4B4F}.Debug|Any CPU.Build.0 = Debug|Any CPU
		{F919FB74-D5AF-4592-BAB7-F42311DE4B4F}.Release|Any CPU.ActiveCfg = Release|Any CPU
		{F919FB74-D5AF-4592-BAB7-F42311DE4B4F}.Release|Any CPU.Build.0 = Release|Any CPU
		{8630B8A8-FD1B-4306-8E12-10E4801A2175}.Debug|Any CPU.ActiveCfg = Debug|Any CPU
		{8630B8A8-FD1B-4306-8E12-10E4801A2175}.Debug|Any CPU.Build.0 = Debug|Any CPU
		{8630B8A8-FD1B-4306-8E12-10E4801A2175}.Release|Any CPU.ActiveCfg = Release|Any CPU
		{8630B8A8-FD1B-4306-8E12-10E4801A2175}.Release|Any CPU.Build.0 = Release|Any CPU
		{00B6026F-F271-4FF0-A693-8AC8BACA4721}.Debug|Any CPU.ActiveCfg = Debug|Any CPU
		{00B6026F-F271-4FF0-A693-8AC8BACA4721}.Debug|Any CPU.Build.0 = Debug|Any CPU
		{00B6026F-F271-4FF0-A693-8AC8BACA4721}.Release|Any CPU.ActiveCfg = Release|Any CPU
		{00B6026F-F271-4FF0-A693-8AC8BACA4721}.Release|Any CPU.Build.0 = Release|Any CPU
		{44A2E1E4-509A-4895-B349-13D9EA9144D5}.Debug|Any CPU.ActiveCfg = Debug|Any CPU
		{44A2E1E4-509A-4895-B349-13D9EA9144D5}.Debug|Any CPU.Build.0 = Debug|Any CPU
		{44A2E1E4-509A-4895-B349-13D9EA9144D5}.Release|Any CPU.ActiveCfg = Release|Any CPU
		{44A2E1E4-509A-4895-B349-13D9EA9144D5}.Release|Any CPU.Build.0 = Release|Any CPU
	EndGlobalSection
	GlobalSection(SolutionProperties) = preSolution
		HideSolutionNode = FALSE
	EndGlobalSection
	GlobalSection(NestedProjects) = preSolution
		{9F2C67E0-96E1-4EA4-A87E-9AA91541F73A} = {44C35C4D-EED5-4D7B-811F-53961B6B028A}
		{BD08BB2C-3AF3-41AF-AEFB-7375D7456E1B} = {44C35C4D-EED5-4D7B-811F-53961B6B028A}
		{41C034F7-6C9C-4A6D-B3D4-5C078D9BD0B0} = {2D6E1803-7577-4DA2-942C-5EA3689D9413}
		{071B25CD-BC15-4C86-9B61-FE487AD6D46B} = {2D6E1803-7577-4DA2-942C-5EA3689D9413}
		{CB5A731C-DC08-4A8B-BFEC-888E1AF5A0AB} = {2BAD30BB-4B1E-4EBA-A029-2578FE73512F}
		{0BFC05AE-1205-4FE9-AAFE-5904C0598E64} = {2BAD30BB-4B1E-4EBA-A029-2578FE73512F}
		{ED6DA812-4BA4-46EA-B493-96E07E1FD365} = {EF34460D-7E53-4646-ABC9-203356746CED}
		{0E3D57EA-A98B-4EDF-83C0-E4D2934E66B5} = {EF34460D-7E53-4646-ABC9-203356746CED}
		{FB3C1C0C-641C-41B9-BBE3-740DE89486CF} = {1B0BE7DB-9766-4326-B4BC-1D2AF52895B3}
		{311742ED-21E0-44CD-A44B-85DE2B54A299} = {1B0BE7DB-9766-4326-B4BC-1D2AF52895B3}
		{47C57BA9-6E34-4337-9D0A-E14674B07B12} = {7EB1500E-5653-4874-8894-E026FBC2DE52}
		{BD8E9BA0-B475-477B-9F4B-E31BC53803C9} = {7EB1500E-5653-4874-8894-E026FBC2DE52}
		{F919FB74-D5AF-4592-BAB7-F42311DE4B4F} = {AA4FACE3-DD8C-49BA-8173-A1A5BB9DB6E9}
		{8630B8A8-FD1B-4306-8E12-10E4801A2175} = {033BEDD3-A18D-4D5A-9E8A-439AE6BFB441}
		{00B6026F-F271-4FF0-A693-8AC8BACA4721} = {033BEDD3-A18D-4D5A-9E8A-439AE6BFB441}
		{44A2E1E4-509A-4895-B349-13D9EA9144D5} = {AA4FACE3-DD8C-49BA-8173-A1A5BB9DB6E9}
	EndGlobalSection
	GlobalSection(ExtensibilityGlobals) = postSolution
		SolutionGuid = {D9386D0B-A87A-421A-A91A-882F09BD046C}
	EndGlobalSection
EndGlobal
